// !$*UTF8*$!
{
	archiveVersion = 1;
	classes = {
	};
	objectVersion = 50;
	objects = {

/* Begin PBXBuildFile section */
		9614B32B21B82392007D1738 /* LocationCell.swift in Sources */ = {isa = PBXBuildFile; fileRef = 9614B32A21B82392007D1738 /* LocationCell.swift */; };
		96FF9A3921B5D15100918F3C /* AppDelegate.swift in Sources */ = {isa = PBXBuildFile; fileRef = 96FF9A3821B5D15100918F3C /* AppDelegate.swift */; };
		96FF9A3B21B5D15100918F3C /* ReportListViewController.swift in Sources */ = {isa = PBXBuildFile; fileRef = 96FF9A3A21B5D15100918F3C /* ReportListViewController.swift */; };
		96FF9A3E21B5D15100918F3C /* Main.storyboard in Resources */ = {isa = PBXBuildFile; fileRef = 96FF9A3C21B5D15100918F3C /* Main.storyboard */; };
		96FF9A4021B5D15600918F3C /* Assets.xcassets in Resources */ = {isa = PBXBuildFile; fileRef = 96FF9A3F21B5D15600918F3C /* Assets.xcassets */; };
		96FF9A4321B5D15600918F3C /* LaunchScreen.storyboard in Resources */ = {isa = PBXBuildFile; fileRef = 96FF9A4121B5D15600918F3C /* LaunchScreen.storyboard */; };
		96FF9A4B21B5D69000918F3C /* ReportNavigationViewController.swift in Sources */ = {isa = PBXBuildFile; fileRef = 96FF9A4A21B5D69000918F3C /* ReportNavigationViewController.swift */; };
		96FF9A4D21B6E9E900918F3C /* ReportListCell.swift in Sources */ = {isa = PBXBuildFile; fileRef = 96FF9A4C21B6E9E900918F3C /* ReportListCell.swift */; };
		96FF9A4F21B7118A00918F3C /* ReportFormViewController.swift in Sources */ = {isa = PBXBuildFile; fileRef = 96FF9A4E21B7118A00918F3C /* ReportFormViewController.swift */; };
		E03DA3AFC592F78EABDABA8A /* Pods_SmartCityReport.framework in Frameworks */ = {isa = PBXBuildFile; fileRef = 110CFE5EAD1D593A3BC24C66 /* Pods_SmartCityReport.framework */; };
/* End PBXBuildFile section */

/* Begin PBXFileReference section */
		110CFE5EAD1D593A3BC24C66 /* Pods_SmartCityReport.framework */ = {isa = PBXFileReference; explicitFileType = wrapper.framework; includeInIndex = 0; path = Pods_SmartCityReport.framework; sourceTree = BUILT_PRODUCTS_DIR; };
		3DCC4F5D45A7A1E711625B1F /* Pods-SmartCityReport.release.xcconfig */ = {isa = PBXFileReference; includeInIndex = 1; lastKnownFileType = text.xcconfig; name = "Pods-SmartCityReport.release.xcconfig"; path = "Pods/Target Support Files/Pods-SmartCityReport/Pods-SmartCityReport.release.xcconfig"; sourceTree = "<group>"; };
		9614B32A21B82392007D1738 /* LocationCell.swift */ = {isa = PBXFileReference; lastKnownFileType = sourcecode.swift; path = LocationCell.swift; sourceTree = "<group>"; };
		96FF9A3521B5D15100918F3C /* SmartCityReport.app */ = {isa = PBXFileReference; explicitFileType = wrapper.application; includeInIndex = 0; path = SmartCityReport.app; sourceTree = BUILT_PRODUCTS_DIR; };
		96FF9A3821B5D15100918F3C /* AppDelegate.swift */ = {isa = PBXFileReference; lastKnownFileType = sourcecode.swift; path = AppDelegate.swift; sourceTree = "<group>"; };
		96FF9A3A21B5D15100918F3C /* ReportListViewController.swift */ = {isa = PBXFileReference; lastKnownFileType = sourcecode.swift; path = ReportListViewController.swift; sourceTree = "<group>"; };
		96FF9A3D21B5D15100918F3C /* Base */ = {isa = PBXFileReference; lastKnownFileType = file.storyboard; name = Base; path = Base.lproj/Main.storyboard; sourceTree = "<group>"; };
		96FF9A3F21B5D15600918F3C /* Assets.xcassets */ = {isa = PBXFileReference; lastKnownFileType = folder.assetcatalog; path = Assets.xcassets; sourceTree = "<group>"; };
		96FF9A4221B5D15600918F3C /* Base */ = {isa = PBXFileReference; lastKnownFileType = file.storyboard; name = Base; path = Base.lproj/LaunchScreen.storyboard; sourceTree = "<group>"; };
		96FF9A4421B5D15600918F3C /* Info.plist */ = {isa = PBXFileReference; lastKnownFileType = text.plist.xml; path = Info.plist; sourceTree = "<group>"; };
		96FF9A4A21B5D69000918F3C /* ReportNavigationViewController.swift */ = {isa = PBXFileReference; lastKnownFileType = sourcecode.swift; path = ReportNavigationViewController.swift; sourceTree = "<group>"; };
		96FF9A4C21B6E9E900918F3C /* ReportListCell.swift */ = {isa = PBXFileReference; lastKnownFileType = sourcecode.swift; path = ReportListCell.swift; sourceTree = "<group>"; };
		96FF9A4E21B7118A00918F3C /* ReportFormViewController.swift */ = {isa = PBXFileReference; lastKnownFileType = sourcecode.swift; path = ReportFormViewController.swift; sourceTree = "<group>"; };
		C63126D282D74FADC8C42B4E /* Pods-SmartCityReport.debug.xcconfig */ = {isa = PBXFileReference; includeInIndex = 1; lastKnownFileType = text.xcconfig; name = "Pods-SmartCityReport.debug.xcconfig"; path = "Pods/Target Support Files/Pods-SmartCityReport/Pods-SmartCityReport.debug.xcconfig"; sourceTree = "<group>"; };
/* End PBXFileReference section */

/* Begin PBXFrameworksBuildPhase section */
		96FF9A3221B5D15100918F3C /* Frameworks */ = {
			isa = PBXFrameworksBuildPhase;
			buildActionMask = 2147483647;
			files = (
				E03DA3AFC592F78EABDABA8A /* Pods_SmartCityReport.framework in Frameworks */,
			);
			runOnlyForDeploymentPostprocessing = 0;
		};
/* End PBXFrameworksBuildPhase section */

/* Begin PBXGroup section */
		51660D40AFB6F0B5D3F59985 /* Pods */ = {
			isa = PBXGroup;
			children = (
				C63126D282D74FADC8C42B4E /* Pods-SmartCityReport.debug.xcconfig */,
				3DCC4F5D45A7A1E711625B1F /* Pods-SmartCityReport.release.xcconfig */,
			);
			name = Pods;
			sourceTree = "<group>";
		};
		736A978FD11FA263076AA4D6 /* Frameworks */ = {
			isa = PBXGroup;
			children = (
				110CFE5EAD1D593A3BC24C66 /* Pods_SmartCityReport.framework */,
			);
			name = Frameworks;
			sourceTree = "<group>";
		};
		96FF9A2C21B5D15100918F3C = {
			isa = PBXGroup;
			children = (
				96FF9A3721B5D15100918F3C /* SmartCityReport */,
				96FF9A3621B5D15100918F3C /* Products */,
				51660D40AFB6F0B5D3F59985 /* Pods */,
				736A978FD11FA263076AA4D6 /* Frameworks */,
			);
			sourceTree = "<group>";
		};
		96FF9A3621B5D15100918F3C /* Products */ = {
			isa = PBXGroup;
			children = (
				96FF9A3521B5D15100918F3C /* SmartCityReport.app */,
			);
			name = Products;
			sourceTree = "<group>";
		};
		96FF9A3721B5D15100918F3C /* SmartCityReport */ = {
			isa = PBXGroup;
			children = (
				96FF9A3821B5D15100918F3C /* AppDelegate.swift */,
				96FF9A3A21B5D15100918F3C /* ReportListViewController.swift */,
				96FF9A4A21B5D69000918F3C /* ReportNavigationViewController.swift */,
				96FF9A3C21B5D15100918F3C /* Main.storyboard */,
				96FF9A4E21B7118A00918F3C /* ReportFormViewController.swift */,
				9614B32A21B82392007D1738 /* LocationCell.swift */,
				96FF9A4C21B6E9E900918F3C /* ReportListCell.swift */,
				96FF9A3F21B5D15600918F3C /* Assets.xcassets */,
				96FF9A4121B5D15600918F3C /* LaunchScreen.storyboard */,
				96FF9A4421B5D15600918F3C /* Info.plist */,
			);
			path = SmartCityReport;
			sourceTree = "<group>";
		};
/* End PBXGroup section */

/* Begin PBXNativeTarget section */
		96FF9A3421B5D15100918F3C /* SmartCityReport */ = {
			isa = PBXNativeTarget;
			buildConfigurationList = 96FF9A4721B5D15600918F3C /* Build configuration list for PBXNativeTarget "SmartCityReport" */;
			buildPhases = (
				5D7B7FDD00DAE264FAB3DFB8 /* [CP] Check Pods Manifest.lock */,
				96FF9A3121B5D15100918F3C /* Sources */,
				96FF9A3221B5D15100918F3C /* Frameworks */,
				96FF9A3321B5D15100918F3C /* Resources */,
				7C595D45455ACA4B9D318519 /* [CP] Embed Pods Frameworks */,
			);
			buildRules = (
			);
			dependencies = (
			);
			name = SmartCityReport;
			productName = SmartCityReport;
			productReference = 96FF9A3521B5D15100918F3C /* SmartCityReport.app */;
			productType = "com.apple.product-type.application";
		};
/* End PBXNativeTarget section */

/* Begin PBXProject section */
		96FF9A2D21B5D15100918F3C /* Project object */ = {
			isa = PBXProject;
			attributes = {
				LastSwiftUpdateCheck = 1010;
				LastUpgradeCheck = 1010;
				ORGANIZATIONNAME = "Sarju Mulmi";
				TargetAttributes = {
					96FF9A3421B5D15100918F3C = {
						CreatedOnToolsVersion = 10.1;
					};
				};
			};
			buildConfigurationList = 96FF9A3021B5D15100918F3C /* Build configuration list for PBXProject "SmartCityReport" */;
			compatibilityVersion = "Xcode 9.3";
			developmentRegion = en;
			hasScannedForEncodings = 0;
			knownRegions = (
				en,
				Base,
			);
			mainGroup = 96FF9A2C21B5D15100918F3C;
			productRefGroup = 96FF9A3621B5D15100918F3C /* Products */;
			projectDirPath = "";
			projectRoot = "";
			targets = (
				96FF9A3421B5D15100918F3C /* SmartCityReport */,
			);
		};
/* End PBXProject section */

/* Begin PBXResourcesBuildPhase section */
		96FF9A3321B5D15100918F3C /* Resources */ = {
			isa = PBXResourcesBuildPhase;
			buildActionMask = 2147483647;
			files = (
				96FF9A4321B5D15600918F3C /* LaunchScreen.storyboard in Resources */,
				96FF9A4021B5D15600918F3C /* Assets.xcassets in Resources */,
				96FF9A3E21B5D15100918F3C /* Main.storyboard in Resources */,
			);
			runOnlyForDeploymentPostprocessing = 0;
		};
/* End PBXResourcesBuildPhase section */

/* Begin PBXShellScriptBuildPhase section */
		5D7B7FDD00DAE264FAB3DFB8 /* [CP] Check Pods Manifest.lock */ = {
			isa = PBXShellScriptBuildPhase;
			buildActionMask = 2147483647;
			files = (
			);
			inputPaths = (
				"${PODS_PODFILE_DIR_PATH}/Podfile.lock",
				"${PODS_ROOT}/Manifest.lock",
			);
			name = "[CP] Check Pods Manifest.lock";
			outputPaths = (
				"$(DERIVED_FILE_DIR)/Pods-SmartCityReport-checkManifestLockResult.txt",
			);
			runOnlyForDeploymentPostprocessing = 0;
			shellPath = /bin/sh;
			shellScript = "diff \"${PODS_PODFILE_DIR_PATH}/Podfile.lock\" \"${PODS_ROOT}/Manifest.lock\" > /dev/null\nif [ $? != 0 ] ; then\n    # print error to STDERR\n    echo \"error: The sandbox is not in sync with the Podfile.lock. Run 'pod install' or update your CocoaPods installation.\" >&2\n    exit 1\nfi\n# This output is used by Xcode 'outputs' to avoid re-running this script phase.\necho \"SUCCESS\" > \"${SCRIPT_OUTPUT_FILE_0}\"\n";
			showEnvVarsInLog = 0;
		};
		7C595D45455ACA4B9D318519 /* [CP] Embed Pods Frameworks */ = {
			isa = PBXShellScriptBuildPhase;
			buildActionMask = 2147483647;
			files = (
			);
			inputPaths = (
				"${SRCROOT}/Pods/Target Support Files/Pods-SmartCityReport/Pods-SmartCityReport-frameworks.sh",
				"${BUILT_PRODUCTS_DIR}/Eureka/Eureka.framework",
				"${BUILT_PRODUCTS_DIR}/ImageRow/ImageRow.framework",
				"${BUILT_PRODUCTS_DIR}/SVProgressHUD/SVProgressHUD.framework",
			);
			name = "[CP] Embed Pods Frameworks";
			outputPaths = (
				"${TARGET_BUILD_DIR}/${FRAMEWORKS_FOLDER_PATH}/Eureka.framework",
				"${TARGET_BUILD_DIR}/${FRAMEWORKS_FOLDER_PATH}/ImageRow.framework",
				"${TARGET_BUILD_DIR}/${FRAMEWORKS_FOLDER_PATH}/SVProgressHUD.framework",
			);
			runOnlyForDeploymentPostprocessing = 0;
			shellPath = /bin/sh;
			shellScript = "\"${SRCROOT}/Pods/Target Support Files/Pods-SmartCityReport/Pods-SmartCityReport-frameworks.sh\"\n";
			showEnvVarsInLog = 0;
		};
/* End PBXShellScriptBuildPhase section */

/* Begin PBXSourcesBuildPhase section */
		96FF9A3121B5D15100918F3C /* Sources */ = {
			isa = PBXSourcesBuildPhase;
			buildActionMask = 2147483647;
			files = (
				9614B32B21B82392007D1738 /* LocationCell.swift in Sources */,
				96FF9A3B21B5D15100918F3C /* ReportListViewController.swift in Sources */,
				96FF9A4D21B6E9E900918F3C /* ReportListCell.swift in Sources */,
				96FF9A3921B5D15100918F3C /* AppDelegate.swift in Sources */,
				96FF9A4F21B7118A00918F3C /* ReportFormViewController.swift in Sources */,
				96FF9A4B21B5D69000918F3C /* ReportNavigationViewController.swift in Sources */,
			);
			runOnlyForDeploymentPostprocessing = 0;
		};
/* End PBXSourcesBuildPhase section */

/* Begin PBXVariantGroup section */
		96FF9A3C21B5D15100918F3C /* Main.storyboard */ = {
			isa = PBXVariantGroup;
			children = (
				96FF9A3D21B5D15100918F3C /* Base */,
			);
			name = Main.storyboard;
			sourceTree = "<group>";
		};
		96FF9A4121B5D15600918F3C /* LaunchScreen.storyboard */ = {
			isa = PBXVariantGroup;
			children = (
				96FF9A4221B5D15600918F3C /* Base */,
			);
			name = LaunchScreen.storyboard;
			sourceTree = "<group>";
		};
/* End PBXVariantGroup section */

/* Begin XCBuildConfiguration section */
		96FF9A4521B5D15600918F3C /* Debug */ = {
			isa = XCBuildConfiguration;
			buildSettings = {
				ALWAYS_SEARCH_USER_PATHS = NO;
				CLANG_ANALYZER_NONNULL = YES;
				CLANG_ANALYZER_NUMBER_OBJECT_CONVERSION = YES_AGGRESSIVE;
				CLANG_CXX_LANGUAGE_STANDARD = "gnu++14";
				CLANG_CXX_LIBRARY = "libc++";
				CLANG_ENABLE_MODULES = YES;
				CLANG_ENABLE_OBJC_ARC = YES;
				CLANG_ENABLE_OBJC_WEAK = YES;
				CLANG_WARN_BLOCK_CAPTURE_AUTORELEASING = YES;
				CLANG_WARN_BOOL_CONVERSION = YES;
				CLANG_WARN_COMMA = YES;
				CLANG_WARN_CONSTANT_CONVERSION = YES;
				CLANG_WARN_DEPRECATED_OBJC_IMPLEMENTATIONS = YES;
				CLANG_WARN_DIRECT_OBJC_ISA_USAGE = YES_ERROR;
				CLANG_WARN_DOCUMENTATION_COMMENTS = YES;
				CLANG_WARN_EMPTY_BODY = YES;
				CLANG_WARN_ENUM_CONVERSION = YES;
				CLANG_WARN_INFINITE_RECURSION = YES;
				CLANG_WARN_INT_CONVERSION = YES;
				CLANG_WARN_NON_LITERAL_NULL_CONVERSION = YES;
				CLANG_WARN_OBJC_IMPLICIT_RETAIN_SELF = YES;
				CLANG_WARN_OBJC_LITERAL_CONVERSION = YES;
				CLANG_WARN_OBJC_ROOT_CLASS = YES_ERROR;
				CLANG_WARN_RANGE_LOOP_ANALYSIS = YES;
				CLANG_WARN_STRICT_PROTOTYPES = YES;
				CLANG_WARN_SUSPICIOUS_MOVE = YES;
				CLANG_WARN_UNGUARDED_AVAILABILITY = YES_AGGRESSIVE;
				CLANG_WARN_UNREACHABLE_CODE = YES;
				CLANG_WARN__DUPLICATE_METHOD_MATCH = YES;
				CODE_SIGN_IDENTITY = "iPhone Developer";
				COPY_PHASE_STRIP = NO;
				DEBUG_INFORMATION_FORMAT = dwarf;
				ENABLE_STRICT_OBJC_MSGSEND = YES;
				ENABLE_TESTABILITY = YES;
				GCC_C_LANGUAGE_STANDARD = gnu11;
				GCC_DYNAMIC_NO_PIC = NO;
				GCC_NO_COMMON_BLOCKS = YES;
				GCC_OPTIMIZATION_LEVEL = 0;
				GCC_PREPROCESSOR_DEFINITIONS = (
					"DEBUG=1",
					"$(inherited)",
				);
				GCC_WARN_64_TO_32_BIT_CONVERSION = YES;
				GCC_WARN_ABOUT_RETURN_TYPE = YES_ERROR;
				GCC_WARN_UNDECLARED_SELECTOR = YES;
				GCC_WARN_UNINITIALIZED_AUTOS = YES_AGGRESSIVE;
				GCC_WARN_UNUSED_FUNCTION = YES;
				GCC_WARN_UNUSED_VARIABLE = YES;
				IPHONEOS_DEPLOYMENT_TARGET = 12.1;
				MTL_ENABLE_DEBUG_INFO = INCLUDE_SOURCE;
				MTL_FAST_MATH = YES;
				ONLY_ACTIVE_ARCH = YES;
				SDKROOT = iphoneos;
				SWIFT_ACTIVE_COMPILATION_CONDITIONS = DEBUG;
				SWIFT_OPTIMIZATION_LEVEL = "-Onone";
			};
			name = Debug;
		};
		96FF9A4621B5D15600918F3C /* Release */ = {
			isa = XCBuildConfiguration;
			buildSettings = {
				ALWAYS_SEARCH_USER_PATHS = NO;
				CLANG_ANALYZER_NONNULL = YES;
				CLANG_ANALYZER_NUMBER_OBJECT_CONVERSION = YES_AGGRESSIVE;
				CLANG_CXX_LANGUAGE_STANDARD = "gnu++14";
				CLANG_CXX_LIBRARY = "libc++";
				CLANG_ENABLE_MODULES = YES;
				CLANG_ENABLE_OBJC_ARC = YES;
				CLANG_ENABLE_OBJC_WEAK = YES;
				CLANG_WARN_BLOCK_CAPTURE_AUTORELEASING = YES;
				CLANG_WARN_BOOL_CONVERSION = YES;
				CLANG_WARN_COMMA = YES;
				CLANG_WARN_CONSTANT_CONVERSION = YES;
				CLANG_WARN_DEPRECATED_OBJC_IMPLEMENTATIONS = YES;
				CLANG_WARN_DIRECT_OBJC_ISA_USAGE = YES_ERROR;
				CLANG_WARN_DOCUMENTATION_COMMENTS = YES;
				CLANG_WARN_EMPTY_BODY = YES;
				CLANG_WARN_ENUM_CONVERSION = YES;
				CLANG_WARN_INFINITE_RECURSION = YES;
				CLANG_WARN_INT_CONVERSION = YES;
				CLANG_WARN_NON_LITERAL_NULL_CONVERSION = YES;
				CLANG_WARN_OBJC_IMPLICIT_RETAIN_SELF = YES;
				CLANG_WARN_OBJC_LITERAL_CONVERSION = YES;
				CLANG_WARN_OBJC_ROOT_CLASS = YES_ERROR;
				CLANG_WARN_RANGE_LOOP_ANALYSIS = YES;
				CLANG_WARN_STRICT_PROTOTYPES = YES;
				CLANG_WARN_SUSPICIOUS_MOVE = YES;
				CLANG_WARN_UNGUARDED_AVAILABILITY = YES_AGGRESSIVE;
				CLANG_WARN_UNREACHABLE_CODE = YES;
				CLANG_WARN__DUPLICATE_METHOD_MATCH = YES;
				CODE_SIGN_IDENTITY = "iPhone Developer";
				COPY_PHASE_STRIP = NO;
				DEBUG_INFORMATION_FORMAT = "dwarf-with-dsym";
				ENABLE_NS_ASSERTIONS = NO;
				ENABLE_STRICT_OBJC_MSGSEND = YES;
				GCC_C_LANGUAGE_STANDARD = gnu11;
				GCC_NO_COMMON_BLOCKS = YES;
				GCC_WARN_64_TO_32_BIT_CONVERSION = YES;
				GCC_WARN_ABOUT_RETURN_TYPE = YES_ERROR;
				GCC_WARN_UNDECLARED_SELECTOR = YES;
				GCC_WARN_UNINITIALIZED_AUTOS = YES_AGGRESSIVE;
				GCC_WARN_UNUSED_FUNCTION = YES;
				GCC_WARN_UNUSED_VARIABLE = YES;
				IPHONEOS_DEPLOYMENT_TARGET = 12.1;
				MTL_ENABLE_DEBUG_INFO = NO;
				MTL_FAST_MATH = YES;
				SDKROOT = iphoneos;
				SWIFT_COMPILATION_MODE = wholemodule;
				SWIFT_OPTIMIZATION_LEVEL = "-O";
				VALIDATE_PRODUCT = YES;
			};
			name = Release;
		};
		96FF9A4821B5D15600918F3C /* Debug */ = {
			isa = XCBuildConfiguration;
			baseConfigurationReference = C63126D282D74FADC8C42B4E /* Pods-SmartCityReport.debug.xcconfig */;
			buildSettings = {
				ASSETCATALOG_COMPILER_APPICON_NAME = AppIcon;
				CODE_SIGN_STYLE = Automatic;
				DEVELOPMENT_TEAM = BNJMA6U23F;
				INFOPLIST_FILE = SmartCityReport/Info.plist;
				IPHONEOS_DEPLOYMENT_TARGET = 12.0;
				LD_RUNPATH_SEARCH_PATHS = (
					"$(inherited)",
					"@executable_path/Frameworks",
				);
				PRODUCT_BUNDLE_IDENTIFIER = com.restonhub.sarjumulmi.SmartCityReport;
				PRODUCT_NAME = "$(TARGET_NAME)";
				SWIFT_VERSION = 4.2;
				TARGETED_DEVICE_FAMILY = "1,2";
			};
			name = Debug;
		};
		96FF9A4921B5D15600918F3C /* Release */ = {
			isa = XCBuildConfiguration;
			baseConfigurationReference = 3DCC4F5D45A7A1E711625B1F /* Pods-SmartCityReport.release.xcconfig */;
			buildSettings = {
				ASSETCATALOG_COMPILER_APPICON_NAME = AppIcon;
				CODE_SIGN_STYLE = Automatic;
				DEVELOPMENT_TEAM = BNJMA6U23F;
				INFOPLIST_FILE = SmartCityReport/Info.plist;
				IPHONEOS_DEPLOYMENT_TARGET = 12.0;
				LD_RUNPATH_SEARCH_PATHS = (
					"$(inherited)",
					"@executable_path/Frameworks",
				);
				PRODUCT_BUNDLE_IDENTIFIER = com.restonhub.sarjumulmi.SmartCityReport;
				PRODUCT_NAME = "$(TARGET_NAME)";
				SWIFT_VERSION = 4.2;
				TARGETED_DEVICE_FAMILY = "1,2";
			};
			name = Release;
		};
/* End XCBuildConfiguration section */

/* Begin XCConfigurationList section */
		96FF9A3021B5D15100918F3C /* Build configuration list for PBXProject "SmartCityReport" */ = {
			isa = XCConfigurationList;
			buildConfigurations = (
				96FF9A4521B5D15600918F3C /* Debug */,
				96FF9A4621B5D15600918F3C /* Release */,
			);
			defaultConfigurationIsVisible = 0;
			defaultConfigurationName = Release;
		};
		96FF9A4721B5D15600918F3C /* Build configuration list for PBXNativeTarget "SmartCityReport" */ = {
			isa = XCConfigurationList;
			buildConfigurations = (
				96FF9A4821B5D15600918F3C /* Debug */,
				96FF9A4921B5D15600918F3C /* Release */,
			);
			defaultConfigurationIsVisible = 0;
			defaultConfigurationName = Release;
		};
/* End XCConfigurationList section */
	};
	rootObject = 96FF9A2D21B5D15100918F3C /* Project object */;
}
